
Microsoft Visual Studio Solution File, Format Version 12.00
# Visual Studio Version 17
VisualStudioVersion = 17.8.34330.188
MinimumVisualStudioVersion = 10.0.40219.1
Project("{FAE04EC0-301F-11D3-BF4B-00C04F79EFBC}") = "DDB.OptimisticLocking", "DDB.OptimisticLocking\DDB.OptimisticLocking.csproj", "{C76551A0-28DA-4D5E-AA90-5463C447E3DD}"
EndProject
Global
	GlobalSection(SolutionConfigurationPlatforms) = preSolution
		Debug|Any CPU = Debug|Any CPU
		Release|Any CPU = Release|Any CPU
	EndGlobalSection
	GlobalSection(ProjectConfigurationPlatforms) = postSolution
		{C76551A0-28DA-4D5E-AA90-5463C447E3DD}.Debug|Any CPU.ActiveCfg = Debug|Any CPU
		{C76551A0-28DA-4D5E-AA90-5463C447E3DD}.Debug|Any CPU.Build.0 = Debug|Any CPU
		{C76551A0-28DA-4D5E-AA90-5463C447E3DD}.Release|Any CPU.ActiveCfg = Release|Any CPU
		{C76551A0-28DA-4D5E-AA90-5463C447E3DD}.Release|Any CPU.Build.0 = Release|Any CPU
	EndGlobalSection
	GlobalSection(SolutionProperties) = preSolution
		HideSolutionNode = FALSE
	EndGlobalSection
	GlobalSection(ExtensibilityGlobals) = postSolution
		SolutionGuid = {62BDC802-FB39-41F0-A9F3-D6E943C439C3}
	EndGlobalSection
EndGlobal
